PODS:
  - FlutterMacOS (1.0.0)
  - flutter_cef (0.0.1):
    - FlutterMacOS

DEPENDENCIES:
  - FlutterMacOS (from `Flutter/ephemeral`)
  - flutter_cef (from `Flutter/ephemeral/.symlinks/plugins/flutter_cef/macos`)

EXTERNAL SOURCES:
  FlutterMacOS:
    :path: Flutter/ephemeral
  flutter_cef:
    :path: Flutter/ephemeral/.symlinks/plugins/flutter_cef/macos

SPEC CHECKSUMS:
  FlutterMacOS: ae6af50a8ea7d6103d888583d46bd8328a7e9811
  flutter_cef: 526e35f55e668d1781e81189cfa6a5b498324ca1

PODFILE CHECKSUM: 6eac6b3292e5142cfc23bdeb71848a40ec51c14c

COCOAPODS: 1.11.3
